// !$*UTF8*$!
{
	archiveVersion = 1;
	classes = {
	};
	objectVersion = 56;
	objects = {

/* Begin PBXBuildFile section */
		BD350683CA78D2E5EDDCCEF1 /* Pods_SwiftUI_Weather.framework in Frameworks */ = {isa = PBXBuildFile; fileRef = AE66B74B335DA5EA0A51C565 /* Pods_SwiftUI_Weather.framework */; };
		C15B352B2ADC3A9A00F4B5A1 /* SwiftUI_WeatherApp.swift in Sources */ = {isa = PBXBuildFile; fileRef = C15B352A2ADC3A9A00F4B5A1 /* SwiftUI_WeatherApp.swift */; };
		C15B352D2ADC3A9A00F4B5A1 /* ContentView.swift in Sources */ = {isa = PBXBuildFile; fileRef = C15B352C2ADC3A9A00F4B5A1 /* ContentView.swift */; };
		C15B352F2ADC3AA400F4B5A1 /* Assets.xcassets in Resources */ = {isa = PBXBuildFile; fileRef = C15B352E2ADC3AA400F4B5A1 /* Assets.xcassets */; };
		C15B35322ADC3AA400F4B5A1 /* Preview Assets.xcassets in Resources */ = {isa = PBXBuildFile; fileRef = C15B35312ADC3AA400F4B5A1 /* Preview Assets.xcassets */; };
		C15B35392ADC5EFA00F4B5A1 /* WeatherProvider.swift in Sources */ = {isa = PBXBuildFile; fileRef = C15B35382ADC5EFA00F4B5A1 /* WeatherProvider.swift */; };
		C15B353B2ADC73CF00F4B5A1 /* WeatherButton.swift in Sources */ = {isa = PBXBuildFile; fileRef = C15B353A2ADC73CF00F4B5A1 /* WeatherButton.swift */; };
		C15B353E2ADDA9B500F4B5A1 /* keys.swift in Sources */ = {isa = PBXBuildFile; fileRef = C15B353D2ADDA9B400F4B5A1 /* keys.swift */; };
		C15B35432ADDB89600F4B5A1 /* WeatherModel.swift in Sources */ = {isa = PBXBuildFile; fileRef = C15B35422ADDB89600F4B5A1 /* WeatherModel.swift */; };
		C15B35462ADDE53200F4B5A1 /* OptionallyDecodable in Frameworks */ = {isa = PBXBuildFile; productRef = C15B35452ADDE53200F4B5A1 /* OptionallyDecodable */; };
		C15B35492ADE2A9E00F4B5A1 /* APIEndpoint.swift in Sources */ = {isa = PBXBuildFile; fileRef = C15B35482ADE2A9E00F4B5A1 /* APIEndpoint.swift */; };
		C15B354B2ADE2CA500F4B5A1 /* APIClient.swift in Sources */ = {isa = PBXBuildFile; fileRef = C15B354A2ADE2CA500F4B5A1 /* APIClient.swift */; };
		C15B354D2ADE2D6900F4B5A1 /* URLSessionAPIClient.swift in Sources */ = {isa = PBXBuildFile; fileRef = C15B354C2ADE2D6900F4B5A1 /* URLSessionAPIClient.swift */; };
		C15B354F2ADE2FCC00F4B5A1 /* WeatherServiceProtocol.swift in Sources */ = {isa = PBXBuildFile; fileRef = C15B354E2ADE2FCC00F4B5A1 /* WeatherServiceProtocol.swift */; };
		C15B35512ADE301100F4B5A1 /* WeatherService.swift in Sources */ = {isa = PBXBuildFile; fileRef = C15B35502ADE301100F4B5A1 /* WeatherService.swift */; };
		C15B35532ADE30DC00F4B5A1 /* WeatherEndpoint.swift in Sources */ = {isa = PBXBuildFile; fileRef = C15B35522ADE30DC00F4B5A1 /* WeatherEndpoint.swift */; };
		C15B35562ADE31FB00F4B5A1 /* WeatherViewModel.swift in Sources */ = {isa = PBXBuildFile; fileRef = C15B35552ADE31FB00F4B5A1 /* WeatherViewModel.swift */; };
		C15B355A2ADF02B600F4B5A1 /* DateExtension.swift in Sources */ = {isa = PBXBuildFile; fileRef = C15B35592ADF02B600F4B5A1 /* DateExtension.swift */; };
/* End PBXBuildFile section */

/* Begin PBXFileReference section */
		AE66B74B335DA5EA0A51C565 /* Pods_SwiftUI_Weather.framework */ = {isa = PBXFileReference; explicitFileType = wrapper.framework; includeInIndex = 0; path = Pods_SwiftUI_Weather.framework; sourceTree = BUILT_PRODUCTS_DIR; };
		BCCD037020F1731A4F01604C /* Pods-SwiftUI-Weather.debug.xcconfig */ = {isa = PBXFileReference; includeInIndex = 1; lastKnownFileType = text.xcconfig; name = "Pods-SwiftUI-Weather.debug.xcconfig"; path = "Target Support Files/Pods-SwiftUI-Weather/Pods-SwiftUI-Weather.debug.xcconfig"; sourceTree = "<group>"; };
		C15B35272ADC3A9A00F4B5A1 /* SwiftUI-Weather.app */ = {isa = PBXFileReference; explicitFileType = wrapper.application; includeInIndex = 0; path = "SwiftUI-Weather.app"; sourceTree = BUILT_PRODUCTS_DIR; };
		C15B352A2ADC3A9A00F4B5A1 /* SwiftUI_WeatherApp.swift */ = {isa = PBXFileReference; lastKnownFileType = sourcecode.swift; path = SwiftUI_WeatherApp.swift; sourceTree = "<group>"; };
		C15B352C2ADC3A9A00F4B5A1 /* ContentView.swift */ = {isa = PBXFileReference; lastKnownFileType = sourcecode.swift; path = ContentView.swift; sourceTree = "<group>"; };
		C15B352E2ADC3AA400F4B5A1 /* Assets.xcassets */ = {isa = PBXFileReference; lastKnownFileType = folder.assetcatalog; path = Assets.xcassets; sourceTree = "<group>"; };
		C15B35312ADC3AA400F4B5A1 /* Preview Assets.xcassets */ = {isa = PBXFileReference; lastKnownFileType = folder.assetcatalog; path = "Preview Assets.xcassets"; sourceTree = "<group>"; };
		C15B35382ADC5EFA00F4B5A1 /* WeatherProvider.swift */ = {isa = PBXFileReference; lastKnownFileType = sourcecode.swift; path = WeatherProvider.swift; sourceTree = "<group>"; };
		C15B353A2ADC73CF00F4B5A1 /* WeatherButton.swift */ = {isa = PBXFileReference; lastKnownFileType = sourcecode.swift; path = WeatherButton.swift; sourceTree = "<group>"; };
		C15B353D2ADDA9B400F4B5A1 /* keys.swift */ = {isa = PBXFileReference; lastKnownFileType = sourcecode.swift; path = keys.swift; sourceTree = "<group>"; };
		C15B35422ADDB89600F4B5A1 /* WeatherModel.swift */ = {isa = PBXFileReference; lastKnownFileType = sourcecode.swift; path = WeatherModel.swift; sourceTree = "<group>"; };
		C15B35482ADE2A9E00F4B5A1 /* APIEndpoint.swift */ = {isa = PBXFileReference; lastKnownFileType = sourcecode.swift; path = APIEndpoint.swift; sourceTree = "<group>"; };
		C15B354A2ADE2CA500F4B5A1 /* APIClient.swift */ = {isa = PBXFileReference; lastKnownFileType = sourcecode.swift; path = APIClient.swift; sourceTree = "<group>"; };
		C15B354C2ADE2D6900F4B5A1 /* URLSessionAPIClient.swift */ = {isa = PBXFileReference; lastKnownFileType = sourcecode.swift; path = URLSessionAPIClient.swift; sourceTree = "<group>"; };
		C15B354E2ADE2FCC00F4B5A1 /* WeatherServiceProtocol.swift */ = {isa = PBXFileReference; lastKnownFileType = sourcecode.swift; path = WeatherServiceProtocol.swift; sourceTree = "<group>"; };
		C15B35502ADE301100F4B5A1 /* WeatherService.swift */ = {isa = PBXFileReference; lastKnownFileType = sourcecode.swift; path = WeatherService.swift; sourceTree = "<group>"; };
		C15B35522ADE30DC00F4B5A1 /* WeatherEndpoint.swift */ = {isa = PBXFileReference; lastKnownFileType = sourcecode.swift; path = WeatherEndpoint.swift; sourceTree = "<group>"; };
		C15B35552ADE31FB00F4B5A1 /* WeatherViewModel.swift */ = {isa = PBXFileReference; lastKnownFileType = sourcecode.swift; path = WeatherViewModel.swift; sourceTree = "<group>"; };
		C15B35592ADF02B600F4B5A1 /* DateExtension.swift */ = {isa = PBXFileReference; lastKnownFileType = sourcecode.swift; path = DateExtension.swift; sourceTree = "<group>"; };
		C9C8687EA009803C3AD334CB /* Pods-SwiftUI-Weather.release.xcconfig */ = {isa = PBXFileReference; includeInIndex = 1; lastKnownFileType = text.xcconfig; name = "Pods-SwiftUI-Weather.release.xcconfig"; path = "Target Support Files/Pods-SwiftUI-Weather/Pods-SwiftUI-Weather.release.xcconfig"; sourceTree = "<group>"; };
/* End PBXFileReference section */

/* Begin PBXFrameworksBuildPhase section */
		C15B35242ADC3A9A00F4B5A1 /* Frameworks */ = {
			isa = PBXFrameworksBuildPhase;
			buildActionMask = 2147483647;
			files = (
				BD350683CA78D2E5EDDCCEF1 /* Pods_SwiftUI_Weather.framework in Frameworks */,
				C15B35462ADDE53200F4B5A1 /* OptionallyDecodable in Frameworks */,
			);
			runOnlyForDeploymentPostprocessing = 0;
		};
/* End PBXFrameworksBuildPhase section */

/* Begin PBXGroup section */
		7381470C67D6DF2FCC40EC36 /* Pods */ = {
			isa = PBXGroup;
			children = (
				BCCD037020F1731A4F01604C /* Pods-SwiftUI-Weather.debug.xcconfig */,
				C9C8687EA009803C3AD334CB /* Pods-SwiftUI-Weather.release.xcconfig */,
			);
			path = Pods;
			sourceTree = "<group>";
		};
		C15B351E2ADC3A9A00F4B5A1 = {
			isa = PBXGroup;
			children = (
				C15B35292ADC3A9A00F4B5A1 /* SwiftUI-Weather */,
				C15B35282ADC3A9A00F4B5A1 /* Products */,
				7381470C67D6DF2FCC40EC36 /* Pods */,
				DA21E14E1539DFA317F103F2 /* Frameworks */,
			);
			sourceTree = "<group>";
		};
		C15B35282ADC3A9A00F4B5A1 /* Products */ = {
			isa = PBXGroup;
			children = (
				C15B35272ADC3A9A00F4B5A1 /* SwiftUI-Weather.app */,
			);
			name = Products;
			sourceTree = "<group>";
		};
		C15B35292ADC3A9A00F4B5A1 /* SwiftUI-Weather */ = {
			isa = PBXGroup;
			children = (
				C15B355C2ADF135400F4B5A1 /* Views */,
				C15B355B2ADF02C100F4B5A1 /* Helper */,
				C15B35572ADE321000F4B5A1 /* ViewModels */,
				C15B35412ADDB88E00F4B5A1 /* Models */,
				C15B353C2ADDA99E00F4B5A1 /* Network */,
				C15B352A2ADC3A9A00F4B5A1 /* SwiftUI_WeatherApp.swift */,
				C15B352C2ADC3A9A00F4B5A1 /* ContentView.swift */,
				C15B35382ADC5EFA00F4B5A1 /* WeatherProvider.swift */,
				C15B352E2ADC3AA400F4B5A1 /* Assets.xcassets */,
				C15B35302ADC3AA400F4B5A1 /* Preview Content */,
			);
			path = "SwiftUI-Weather";
			sourceTree = "<group>";
		};
		C15B35302ADC3AA400F4B5A1 /* Preview Content */ = {
			isa = PBXGroup;
			children = (
				C15B35312ADC3AA400F4B5A1 /* Preview Assets.xcassets */,
			);
			path = "Preview Content";
			sourceTree = "<group>";
		};
		C15B353C2ADDA99E00F4B5A1 /* Network */ = {
			isa = PBXGroup;
			children = (
				C15B35542ADE31BB00F4B5A1 /* Endpoint */,
				C15B35472ADE2A8B00F4B5A1 /* Protocols */,
				C15B353D2ADDA9B400F4B5A1 /* keys.swift */,
				C15B354C2ADE2D6900F4B5A1 /* URLSessionAPIClient.swift */,
				C15B35502ADE301100F4B5A1 /* WeatherService.swift */,
			);
			path = Network;
			sourceTree = "<group>";
		};
		C15B35412ADDB88E00F4B5A1 /* Models */ = {
			isa = PBXGroup;
			children = (
				C15B35422ADDB89600F4B5A1 /* WeatherModel.swift */,
			);
			path = Models;
			sourceTree = "<group>";
		};
		C15B35472ADE2A8B00F4B5A1 /* Protocols */ = {
			isa = PBXGroup;
			children = (
				C15B35482ADE2A9E00F4B5A1 /* APIEndpoint.swift */,
				C15B354A2ADE2CA500F4B5A1 /* APIClient.swift */,
				C15B354E2ADE2FCC00F4B5A1 /* WeatherServiceProtocol.swift */,
			);
			path = Protocols;
			sourceTree = "<group>";
		};
		C15B35542ADE31BB00F4B5A1 /* Endpoint */ = {
			isa = PBXGroup;
			children = (
				C15B35522ADE30DC00F4B5A1 /* WeatherEndpoint.swift */,
			);
			path = Endpoint;
			sourceTree = "<group>";
		};
		C15B35572ADE321000F4B5A1 /* ViewModels */ = {
			isa = PBXGroup;
			children = (
				C15B35552ADE31FB00F4B5A1 /* WeatherViewModel.swift */,
			);
			path = ViewModels;
			sourceTree = "<group>";
		};
		C15B35582ADF02A700F4B5A1 /* Extensions */ = {
			isa = PBXGroup;
			children = (
				C15B35592ADF02B600F4B5A1 /* DateExtension.swift */,
			);
			path = Extensions;
			sourceTree = "<group>";
		};
		C15B355B2ADF02C100F4B5A1 /* Helper */ = {
			isa = PBXGroup;
			children = (
				C15B35582ADF02A700F4B5A1 /* Extensions */,
			);
			path = Helper;
			sourceTree = "<group>";
		};
		C15B355C2ADF135400F4B5A1 /* Views */ = {
			isa = PBXGroup;
			children = (
				C15B355D2ADF135D00F4B5A1 /* Components */,
			);
			path = Views;
			sourceTree = "<group>";
		};
		C15B355D2ADF135D00F4B5A1 /* Components */ = {
			isa = PBXGroup;
			children = (
				C15B353A2ADC73CF00F4B5A1 /* WeatherButton.swift */,
			);
			path = Components;
			sourceTree = "<group>";
		};
		DA21E14E1539DFA317F103F2 /* Frameworks */ = {
			isa = PBXGroup;
			children = (
				AE66B74B335DA5EA0A51C565 /* Pods_SwiftUI_Weather.framework */,
			);
			name = Frameworks;
			sourceTree = "<group>";
		};
/* End PBXGroup section */

/* Begin PBXNativeTarget section */
		C15B35262ADC3A9A00F4B5A1 /* SwiftUI-Weather */ = {
			isa = PBXNativeTarget;
			buildConfigurationList = C15B35352ADC3AA400F4B5A1 /* Build configuration list for PBXNativeTarget "SwiftUI-Weather" */;
			buildPhases = (
				162F8BF6CB20B55821529FFC /* [CP] Check Pods Manifest.lock */,
				C15B35232ADC3A9A00F4B5A1 /* Sources */,
				C15B35242ADC3A9A00F4B5A1 /* Frameworks */,
				C15B35252ADC3A9A00F4B5A1 /* Resources */,
				9C34BCB4508221990C68CD7D /* [CP] Embed Pods Frameworks */,
			);
			buildRules = (
			);
			dependencies = (
			);
			name = "SwiftUI-Weather";
			packageProductDependencies = (
				C15B35452ADDE53200F4B5A1 /* OptionallyDecodable */,
			);
			productName = "SwiftUI-Weather";
			productReference = C15B35272ADC3A9A00F4B5A1 /* SwiftUI-Weather.app */;
			productType = "com.apple.product-type.application";
		};
/* End PBXNativeTarget section */

/* Begin PBXProject section */
		C15B351F2ADC3A9A00F4B5A1 /* Project object */ = {
			isa = PBXProject;
			attributes = {
				BuildIndependentTargetsInParallel = 1;
				LastSwiftUpdateCheck = 1500;
				LastUpgradeCheck = 1500;
				TargetAttributes = {
					C15B35262ADC3A9A00F4B5A1 = {
						CreatedOnToolsVersion = 15.0;
					};
				};
			};
			buildConfigurationList = C15B35222ADC3A9A00F4B5A1 /* Build configuration list for PBXProject "SwiftUI-Weather" */;
			compatibilityVersion = "Xcode 14.0";
			developmentRegion = en;
			hasScannedForEncodings = 0;
			knownRegions = (
				en,
				Base,
			);
			mainGroup = C15B351E2ADC3A9A00F4B5A1;
			packageReferences = (
				C15B35442ADDE53200F4B5A1 /* XCRemoteSwiftPackageReference "OptionallyDecodable" */,
			);
			productRefGroup = C15B35282ADC3A9A00F4B5A1 /* Products */;
			projectDirPath = "";
			projectRoot = "";
			targets = (
				C15B35262ADC3A9A00F4B5A1 /* SwiftUI-Weather */,
			);
		};
/* End PBXProject section */

/* Begin PBXResourcesBuildPhase section */
		C15B35252ADC3A9A00F4B5A1 /* Resources */ = {
			isa = PBXResourcesBuildPhase;
			buildActionMask = 2147483647;
			files = (
				C15B35322ADC3AA400F4B5A1 /* Preview Assets.xcassets in Resources */,
				C15B352F2ADC3AA400F4B5A1 /* Assets.xcassets in Resources */,
			);
			runOnlyForDeploymentPostprocessing = 0;
		};
/* End PBXResourcesBuildPhase section */

/* Begin PBXShellScriptBuildPhase section */
		162F8BF6CB20B55821529FFC /* [CP] Check Pods Manifest.lock */ = {
			isa = PBXShellScriptBuildPhase;
			buildActionMask = 2147483647;
			files = (
			);
			inputFileListPaths = (
			);
			inputPaths = (
				"${PODS_PODFILE_DIR_PATH}/Podfile.lock",
				"${PODS_ROOT}/Manifest.lock",
			);
			name = "[CP] Check Pods Manifest.lock";
			outputFileListPaths = (
			);
			outputPaths = (
				"$(DERIVED_FILE_DIR)/Pods-SwiftUI-Weather-checkManifestLockResult.txt",
			);
			runOnlyForDeploymentPostprocessing = 0;
			shellPath = /bin/sh;
			shellScript = "diff \"${PODS_PODFILE_DIR_PATH}/Podfile.lock\" \"${PODS_ROOT}/Manifest.lock\" > /dev/null\nif [ $? != 0 ] ; then\n    # print error to STDERR\n    echo \"error: The sandbox is not in sync with the Podfile.lock. Run 'pod install' or update your CocoaPods installation.\" >&2\n    exit 1\nfi\n# This output is used by Xcode 'outputs' to avoid re-running this script phase.\necho \"SUCCESS\" > \"${SCRIPT_OUTPUT_FILE_0}\"\n";
			showEnvVarsInLog = 0;
		};
		9C34BCB4508221990C68CD7D /* [CP] Embed Pods Frameworks */ = {
			isa = PBXShellScriptBuildPhase;
			buildActionMask = 2147483647;
			files = (
			);
			inputFileListPaths = (
				"${PODS_ROOT}/Target Support Files/Pods-SwiftUI-Weather/Pods-SwiftUI-Weather-frameworks-${CONFIGURATION}-input-files.xcfilelist",
			);
			name = "[CP] Embed Pods Frameworks";
			outputFileListPaths = (
				"${PODS_ROOT}/Target Support Files/Pods-SwiftUI-Weather/Pods-SwiftUI-Weather-frameworks-${CONFIGURATION}-output-files.xcfilelist",
			);
			runOnlyForDeploymentPostprocessing = 0;
			shellPath = /bin/sh;
			shellScript = "\"${PODS_ROOT}/Target Support Files/Pods-SwiftUI-Weather/Pods-SwiftUI-Weather-frameworks.sh\"\n";
			showEnvVarsInLog = 0;
		};
/* End PBXShellScriptBuildPhase section */

/* Begin PBXSourcesBuildPhase section */
		C15B35232ADC3A9A00F4B5A1 /* Sources */ = {
			isa = PBXSourcesBuildPhase;
			buildActionMask = 2147483647;
			files = (
				C15B354D2ADE2D6900F4B5A1 /* URLSessionAPIClient.swift in Sources */,
				C15B355A2ADF02B600F4B5A1 /* DateExtension.swift in Sources */,
				C15B35562ADE31FB00F4B5A1 /* WeatherViewModel.swift in Sources */,
				C15B353E2ADDA9B500F4B5A1 /* keys.swift in Sources */,
				C15B352D2ADC3A9A00F4B5A1 /* ContentView.swift in Sources */,
				C15B35392ADC5EFA00F4B5A1 /* WeatherProvider.swift in Sources */,
				C15B35512ADE301100F4B5A1 /* WeatherService.swift in Sources */,
				C15B35432ADDB89600F4B5A1 /* WeatherModel.swift in Sources */,
				C15B353B2ADC73CF00F4B5A1 /* WeatherButton.swift in Sources */,
				C15B352B2ADC3A9A00F4B5A1 /* SwiftUI_WeatherApp.swift in Sources */,
				C15B354F2ADE2FCC00F4B5A1 /* WeatherServiceProtocol.swift in Sources */,
				C15B35532ADE30DC00F4B5A1 /* WeatherEndpoint.swift in Sources */,
				C15B35492ADE2A9E00F4B5A1 /* APIEndpoint.swift in Sources */,
				C15B354B2ADE2CA500F4B5A1 /* APIClient.swift in Sources */,
			);
			runOnlyForDeploymentPostprocessing = 0;
		};
/* End PBXSourcesBuildPhase section */

/* Begin XCBuildConfiguration section */
		C15B35332ADC3AA400F4B5A1 /* Debug */ = {
			isa = XCBuildConfiguration;
			buildSettings = {
				ALWAYS_SEARCH_USER_PATHS = NO;
				ASSETCATALOG_COMPILER_GENERATE_SWIFT_ASSET_SYMBOL_EXTENSIONS = YES;
				CLANG_ANALYZER_NONNULL = YES;
				CLANG_ANALYZER_NUMBER_OBJECT_CONVERSION = YES_AGGRESSIVE;
				CLANG_CXX_LANGUAGE_STANDARD = "gnu++20";
				CLANG_ENABLE_MODULES = YES;
				CLANG_ENABLE_OBJC_ARC = YES;
				CLANG_ENABLE_OBJC_WEAK = YES;
				CLANG_WARN_BLOCK_CAPTURE_AUTORELEASING = YES;
				CLANG_WARN_BOOL_CONVERSION = YES;
				CLANG_WARN_COMMA = YES;
				CLANG_WARN_CONSTANT_CONVERSION = YES;
				CLANG_WARN_DEPRECATED_OBJC_IMPLEMENTATIONS = YES;
				CLANG_WARN_DIRECT_OBJC_ISA_USAGE = YES_ERROR;
				CLANG_WARN_DOCUMENTATION_COMMENTS = YES;
				CLANG_WARN_EMPTY_BODY = YES;
				CLANG_WARN_ENUM_CONVERSION = YES;
				CLANG_WARN_INFINITE_RECURSION = YES;
				CLANG_WARN_INT_CONVERSION = YES;
				CLANG_WARN_NON_LITERAL_NULL_CONVERSION = YES;
				CLANG_WARN_OBJC_IMPLICIT_RETAIN_SELF = YES;
				CLANG_WARN_OBJC_LITERAL_CONVERSION = YES;
				CLANG_WARN_OBJC_ROOT_CLASS = YES_ERROR;
				CLANG_WARN_QUOTED_INCLUDE_IN_FRAMEWORK_HEADER = YES;
				CLANG_WARN_RANGE_LOOP_ANALYSIS = YES;
				CLANG_WARN_STRICT_PROTOTYPES = YES;
				CLANG_WARN_SUSPICIOUS_MOVE = YES;
				CLANG_WARN_UNGUARDED_AVAILABILITY = YES_AGGRESSIVE;
				CLANG_WARN_UNREACHABLE_CODE = YES;
				CLANG_WARN__DUPLICATE_METHOD_MATCH = YES;
				COPY_PHASE_STRIP = NO;
				DEBUG_INFORMATION_FORMAT = dwarf;
				ENABLE_STRICT_OBJC_MSGSEND = YES;
				ENABLE_TESTABILITY = YES;
				ENABLE_USER_SCRIPT_SANDBOXING = YES;
				GCC_C_LANGUAGE_STANDARD = gnu17;
				GCC_DYNAMIC_NO_PIC = NO;
				GCC_NO_COMMON_BLOCKS = YES;
				GCC_OPTIMIZATION_LEVEL = 0;
				GCC_PREPROCESSOR_DEFINITIONS = (
					"DEBUG=1",
					"$(inherited)",
				);
				GCC_WARN_64_TO_32_BIT_CONVERSION = YES;
				GCC_WARN_ABOUT_RETURN_TYPE = YES_ERROR;
				GCC_WARN_UNDECLARED_SELECTOR = YES;
				GCC_WARN_UNINITIALIZED_AUTOS = YES_AGGRESSIVE;
				GCC_WARN_UNUSED_FUNCTION = YES;
				GCC_WARN_UNUSED_VARIABLE = YES;
				IPHONEOS_DEPLOYMENT_TARGET = 17.0;
				LOCALIZATION_PREFERS_STRING_CATALOGS = YES;
				MTL_ENABLE_DEBUG_INFO = INCLUDE_SOURCE;
				MTL_FAST_MATH = YES;
				ONLY_ACTIVE_ARCH = YES;
				SDKROOT = iphoneos;
				SWIFT_ACTIVE_COMPILATION_CONDITIONS = "DEBUG $(inherited)";
				SWIFT_OPTIMIZATION_LEVEL = "-Onone";
			};
			name = Debug;
		};
		C15B35342ADC3AA400F4B5A1 /* Release */ = {
			isa = XCBuildConfiguration;
			buildSettings = {
				ALWAYS_SEARCH_USER_PATHS = NO;
				ASSETCATALOG_COMPILER_GENERATE_SWIFT_ASSET_SYMBOL_EXTENSIONS = YES;
				CLANG_ANALYZER_NONNULL = YES;
				CLANG_ANALYZER_NUMBER_OBJECT_CONVERSION = YES_AGGRESSIVE;
				CLANG_CXX_LANGUAGE_STANDARD = "gnu++20";
				CLANG_ENABLE_MODULES = YES;
				CLANG_ENABLE_OBJC_ARC = YES;
				CLANG_ENABLE_OBJC_WEAK = YES;
				CLANG_WARN_BLOCK_CAPTURE_AUTORELEASING = YES;
				CLANG_WARN_BOOL_CONVERSION = YES;
				CLANG_WARN_COMMA = YES;
				CLANG_WARN_CONSTANT_CONVERSION = YES;
				CLANG_WARN_DEPRECATED_OBJC_IMPLEMENTATIONS = YES;
				CLANG_WARN_DIRECT_OBJC_ISA_USAGE = YES_ERROR;
				CLANG_WARN_DOCUMENTATION_COMMENTS = YES;
				CLANG_WARN_EMPTY_BODY = YES;
				CLANG_WARN_ENUM_CONVERSION = YES;
				CLANG_WARN_INFINITE_RECURSION = YES;
				CLANG_WARN_INT_CONVERSION = YES;
				CLANG_WARN_NON_LITERAL_NULL_CONVERSION = YES;
				CLANG_WARN_OBJC_IMPLICIT_RETAIN_SELF = YES;
				CLANG_WARN_OBJC_LITERAL_CONVERSION = YES;
				CLANG_WARN_OBJC_ROOT_CLASS = YES_ERROR;
				CLANG_WARN_QUOTED_INCLUDE_IN_FRAMEWORK_HEADER = YES;
				CLANG_WARN_RANGE_LOOP_ANALYSIS = YES;
				CLANG_WARN_STRICT_PROTOTYPES = YES;
				CLANG_WARN_SUSPICIOUS_MOVE = YES;
				CLANG_WARN_UNGUARDED_AVAILABILITY = YES_AGGRESSIVE;
				CLANG_WARN_UNREACHABLE_CODE = YES;
				CLANG_WARN__DUPLICATE_METHOD_MATCH = YES;
				COPY_PHASE_STRIP = NO;
				DEBUG_INFORMATION_FORMAT = "dwarf-with-dsym";
				ENABLE_NS_ASSERTIONS = NO;
				ENABLE_STRICT_OBJC_MSGSEND = YES;
				ENABLE_USER_SCRIPT_SANDBOXING = YES;
				GCC_C_LANGUAGE_STANDARD = gnu17;
				GCC_NO_COMMON_BLOCKS = YES;
				GCC_WARN_64_TO_32_BIT_CONVERSION = YES;
				GCC_WARN_ABOUT_RETURN_TYPE = YES_ERROR;
				GCC_WARN_UNDECLARED_SELECTOR = YES;
				GCC_WARN_UNINITIALIZED_AUTOS = YES_AGGRESSIVE;
				GCC_WARN_UNUSED_FUNCTION = YES;
				GCC_WARN_UNUSED_VARIABLE = YES;
				IPHONEOS_DEPLOYMENT_TARGET = 17.0;
				LOCALIZATION_PREFERS_STRING_CATALOGS = YES;
				MTL_ENABLE_DEBUG_INFO = NO;
				MTL_FAST_MATH = YES;
				SDKROOT = iphoneos;
				SWIFT_COMPILATION_MODE = wholemodule;
				VALIDATE_PRODUCT = YES;
			};
			name = Release;
		};
		C15B35362ADC3AA400F4B5A1 /* Debug */ = {
			isa = XCBuildConfiguration;
			baseConfigurationReference = BCCD037020F1731A4F01604C /* Pods-SwiftUI-Weather.debug.xcconfig */;
			buildSettings = {
				ASSETCATALOG_COMPILER_APPICON_NAME = AppIcon;
				ASSETCATALOG_COMPILER_GLOBAL_ACCENT_COLOR_NAME = AccentColor;
				CODE_SIGN_STYLE = Automatic;
				CURRENT_PROJECT_VERSION = 1;
				DEVELOPMENT_ASSET_PATHS = "\"SwiftUI-Weather/Preview Content\"";
				DEVELOPMENT_TEAM = 74DKSPAFD4;
				ENABLE_PREVIEWS = YES;
				ENABLE_USER_SCRIPT_SANDBOXING = NO;
				GENERATE_INFOPLIST_FILE = YES;
				INFOPLIST_KEY_UIApplicationSceneManifest_Generation = YES;
				INFOPLIST_KEY_UIApplicationSupportsIndirectInputEvents = YES;
				INFOPLIST_KEY_UILaunchScreen_Generation = YES;
				INFOPLIST_KEY_UISupportedInterfaceOrientations_iPad = "UIInterfaceOrientationPortrait UIInterfaceOrientationPortraitUpsideDown UIInterfaceOrientationLandscapeLeft UIInterfaceOrientationLandscapeRight";
				INFOPLIST_KEY_UISupportedInterfaceOrientations_iPhone = "UIInterfaceOrientationPortrait UIInterfaceOrientationLandscapeLeft UIInterfaceOrientationLandscapeRight";
				LD_RUNPATH_SEARCH_PATHS = (
					"$(inherited)",
					"@executable_path/Frameworks",
				);
				MARKETING_VERSION = 1.0;
				PRODUCT_BUNDLE_IDENTIFIER = "com.duduzoeras.SwiftUI-Weather";
				PRODUCT_NAME = "$(TARGET_NAME)";
				SWIFT_EMIT_LOC_STRINGS = YES;
				SWIFT_VERSION = 5.0;
				TARGETED_DEVICE_FAMILY = "1,2";
			};
			name = Debug;
		};
		C15B35372ADC3AA400F4B5A1 /* Release */ = {
			isa = XCBuildConfiguration;
			baseConfigurationReference = C9C8687EA009803C3AD334CB /* Pods-SwiftUI-Weather.release.xcconfig */;
			buildSettings = {
				ASSETCATALOG_COMPILER_APPICON_NAME = AppIcon;
				ASSETCATALOG_COMPILER_GLOBAL_ACCENT_COLOR_NAME = AccentColor;
				CODE_SIGN_STYLE = Automatic;
				CURRENT_PROJECT_VERSION = 1;
				DEVELOPMENT_ASSET_PATHS = "\"SwiftUI-Weather/Preview Content\"";
				DEVELOPMENT_TEAM = 74DKSPAFD4;
				ENABLE_PREVIEWS = YES;
				ENABLE_USER_SCRIPT_SANDBOXING = NO;
				GENERATE_INFOPLIST_FILE = YES;
				INFOPLIST_KEY_UIApplicationSceneManifest_Generation = YES;
				INFOPLIST_KEY_UIApplicationSupportsIndirectInputEvents = YES;
				INFOPLIST_KEY_UILaunchScreen_Generation = YES;
				INFOPLIST_KEY_UISupportedInterfaceOrientations_iPad = "UIInterfaceOrientationPortrait UIInterfaceOrientationPortraitUpsideDown UIInterfaceOrientationLandscapeLeft UIInterfaceOrientationLandscapeRight";
				INFOPLIST_KEY_UISupportedInterfaceOrientations_iPhone = "UIInterfaceOrientationPortrait UIInterfaceOrientationLandscapeLeft UIInterfaceOrientationLandscapeRight";
				LD_RUNPATH_SEARCH_PATHS = (
					"$(inherited)",
					"@executable_path/Frameworks",
				);
				MARKETING_VERSION = 1.0;
				PRODUCT_BUNDLE_IDENTIFIER = "com.duduzoeras.SwiftUI-Weather";
				PRODUCT_NAME = "$(TARGET_NAME)";
				SWIFT_EMIT_LOC_STRINGS = YES;
				SWIFT_VERSION = 5.0;
				TARGETED_DEVICE_FAMILY = "1,2";
			};
			name = Release;
		};
/* End XCBuildConfiguration section */

/* Begin XCConfigurationList section */
		C15B35222ADC3A9A00F4B5A1 /* Build configuration list for PBXProject "SwiftUI-Weather" */ = {
			isa = XCConfigurationList;
			buildConfigurations = (
				C15B35332ADC3AA400F4B5A1 /* Debug */,
				C15B35342ADC3AA400F4B5A1 /* Release */,
			);
			defaultConfigurationIsVisible = 0;
			defaultConfigurationName = Release;
		};
		C15B35352ADC3AA400F4B5A1 /* Build configuration list for PBXNativeTarget "SwiftUI-Weather" */ = {
			isa = XCConfigurationList;
			buildConfigurations = (
				C15B35362ADC3AA400F4B5A1 /* Debug */,
				C15B35372ADC3AA400F4B5A1 /* Release */,
			);
			defaultConfigurationIsVisible = 0;
			defaultConfigurationName = Release;
		};
/* End XCConfigurationList section */

/* Begin XCRemoteSwiftPackageReference section */
		C15B35442ADDE53200F4B5A1 /* XCRemoteSwiftPackageReference "OptionallyDecodable" */ = {
			isa = XCRemoteSwiftPackageReference;
			repositoryURL = "https://github.com/idrougge/OptionallyDecodable";
			requirement = {
				kind = upToNextMajorVersion;
				minimumVersion = 1.2.0;
			};
		};
/* End XCRemoteSwiftPackageReference section */

/* Begin XCSwiftPackageProductDependency section */
		C15B35452ADDE53200F4B5A1 /* OptionallyDecodable */ = {
			isa = XCSwiftPackageProductDependency;
			package = C15B35442ADDE53200F4B5A1 /* XCRemoteSwiftPackageReference "OptionallyDecodable" */;
			productName = OptionallyDecodable;
		};
/* End XCSwiftPackageProductDependency section */
	};
	rootObject = C15B351F2ADC3A9A00F4B5A1 /* Project object */;
}
